
Microsoft Visual Studio Solution File, Format Version 12.00
# Visual Studio Version 16
VisualStudioVersion = 16.0.29613.14
MinimumVisualStudioVersion = 10.0.40219.1
Project("{9A19103F-16F7-4668-BE54-9A1E7A4F7556}") = "FormulaEvaluator", "FormulaEvaluator\FormulaEvaluator.csproj", "{227F2912-C7ED-4E7F-ADCE-CC1B1E869F22}"
EndProject
Project("{9A19103F-16F7-4668-BE54-9A1E7A4F7556}") = "Test_The_Evaluator_Console_App", "Test_The_Evaluator_Console_App\Test_The_Evaluator_Console_App.csproj", "{2311EACC-9875-474A-92AF-D1CB9C169B59}"
EndProject
Project("{2150E333-8FDC-42A3-9474-1A3956D46DE8}") = "Solution Items", "Solution Items", "{7FF686AE-1227-450A-A990-28F9226BE626}"
	ProjectSection(SolutionItems) = preProject
		README.txt = README.txt
	EndProjectSection
EndProject
Project("{9A19103F-16F7-4668-BE54-9A1E7A4F7556}") = "DependencyGraph", "DependencyGraph\DependencyGraph.csproj", "{B5CCE684-2B46-4DF8-A80A-B4A726053033}"
EndProject
Project("{9A19103F-16F7-4668-BE54-9A1E7A4F7556}") = "DependencyGraphTests", "DependencyGraphTests\DependencyGraphTests.csproj", "{03258B69-49FB-4E82-BD59-3CAC43EFFA3F}"
EndProject
Project("{9A19103F-16F7-4668-BE54-9A1E7A4F7556}") = "Formula", "Formula\Formula.csproj", "{06EA5587-095C-48A1-BC01-153DCF93DBF2}"
EndProject
Project("{9A19103F-16F7-4668-BE54-9A1E7A4F7556}") = "Assignment_One_Grading_Tests", "..\..\..\lecture_notes\CS3500_Grading_Tests\Assignment_One_Grading_Tests\Assignment_One_Grading_Tests.csproj", "{9843374D-BE53-4021-93E5-4C3071E2265E}"
EndProject
Project("{9A19103F-16F7-4668-BE54-9A1E7A4F7556}") = "FormulaTests", "FormulaTests\FormulaTests.csproj", "{1D7CB1ED-14BA-4CAC-A354-0B2307789DDC}"
EndProject
Project("{9A19103F-16F7-4668-BE54-9A1E7A4F7556}") = "Spreadsheet", "Spreadsheet\Spreadsheet.csproj", "{3D81A8A1-E67E-4E96-8562-0B8D5879A95D}"
EndProject
Project("{9A19103F-16F7-4668-BE54-9A1E7A4F7556}") = "SpreadsheetTests", "SpreadsheetTests\SpreadsheetTests.csproj", "{13D98A3E-FA46-4548-9280-55B5FA27BF86}"
EndProject
Project("{FAE04EC0-301F-11D3-BF4B-00C04F79EFBC}") = "Whiteboard", "Whiteboard\Whiteboard.csproj", "{E8B5BA13-914C-4103-B4D7-BF8299E92D0E}"
EndProject
Global
	GlobalSection(SolutionConfigurationPlatforms) = preSolution
		Debug|Any CPU = Debug|Any CPU
		Release|Any CPU = Release|Any CPU
	EndGlobalSection
	GlobalSection(ProjectConfigurationPlatforms) = postSolution
		{227F2912-C7ED-4E7F-ADCE-CC1B1E869F22}.Debug|Any CPU.ActiveCfg = Debug|Any CPU
		{227F2912-C7ED-4E7F-ADCE-CC1B1E869F22}.Debug|Any CPU.Build.0 = Debug|Any CPU
		{227F2912-C7ED-4E7F-ADCE-CC1B1E869F22}.Release|Any CPU.ActiveCfg = Release|Any CPU
		{227F2912-C7ED-4E7F-ADCE-CC1B1E869F22}.Release|Any CPU.Build.0 = Release|Any CPU
		{2311EACC-9875-474A-92AF-D1CB9C169B59}.Debug|Any CPU.ActiveCfg = Debug|Any CPU
		{2311EACC-9875-474A-92AF-D1CB9C169B59}.Debug|Any CPU.Build.0 = Debug|Any CPU
		{2311EACC-9875-474A-92AF-D1CB9C169B59}.Release|Any CPU.ActiveCfg = Release|Any CPU
		{2311EACC-9875-474A-92AF-D1CB9C169B59}.Release|Any CPU.Build.0 = Release|Any CPU
		{B5CCE684-2B46-4DF8-A80A-B4A726053033}.Debug|Any CPU.ActiveCfg = Debug|Any CPU
		{B5CCE684-2B46-4DF8-A80A-B4A726053033}.Debug|Any CPU.Build.0 = Debug|Any CPU
		{B5CCE684-2B46-4DF8-A80A-B4A726053033}.Release|Any CPU.ActiveCfg = Release|Any CPU
		{B5CCE684-2B46-4DF8-A80A-B4A726053033}.Release|Any CPU.Build.0 = Release|Any CPU
		{03258B69-49FB-4E82-BD59-3CAC43EFFA3F}.Debug|Any CPU.ActiveCfg = Debug|Any CPU
		{03258B69-49FB-4E82-BD59-3CAC43EFFA3F}.Debug|Any CPU.Build.0 = Debug|Any CPU
		{03258B69-49FB-4E82-BD59-3CAC43EFFA3F}.Release|Any CPU.ActiveCfg = Release|Any CPU
		{03258B69-49FB-4E82-BD59-3CAC43EFFA3F}.Release|Any CPU.Build.0 = Release|Any CPU
		{06EA5587-095C-48A1-BC01-153DCF93DBF2}.Debug|Any CPU.ActiveCfg = Debug|Any CPU
		{06EA5587-095C-48A1-BC01-153DCF93DBF2}.Debug|Any CPU.Build.0 = Debug|Any CPU
		{06EA5587-095C-48A1-BC01-153DCF93DBF2}.Release|Any CPU.ActiveCfg = Release|Any CPU
		{06EA5587-095C-48A1-BC01-153DCF93DBF2}.Release|Any CPU.Build.0 = Release|Any CPU
		{9843374D-BE53-4021-93E5-4C3071E2265E}.Debug|Any CPU.ActiveCfg = Debug|Any CPU
		{9843374D-BE53-4021-93E5-4C3071E2265E}.Debug|Any CPU.Build.0 = Debug|Any CPU
		{9843374D-BE53-4021-93E5-4C3071E2265E}.Release|Any CPU.ActiveCfg = Release|Any CPU
		{9843374D-BE53-4021-93E5-4C3071E2265E}.Release|Any CPU.Build.0 = Release|Any CPU
		{1D7CB1ED-14BA-4CAC-A354-0B2307789DDC}.Debug|Any CPU.ActiveCfg = Debug|Any CPU
		{1D7CB1ED-14BA-4CAC-A354-0B2307789DDC}.Debug|Any CPU.Build.0 = Debug|Any CPU
		{1D7CB1ED-14BA-4CAC-A354-0B2307789DDC}.Release|Any CPU.ActiveCfg = Release|Any CPU
		{1D7CB1ED-14BA-4CAC-A354-0B2307789DDC}.Release|Any CPU.Build.0 = Release|Any CPU
		{3D81A8A1-E67E-4E96-8562-0B8D5879A95D}.Debug|Any CPU.ActiveCfg = Debug|Any CPU
		{3D81A8A1-E67E-4E96-8562-0B8D5879A95D}.Debug|Any CPU.Build.0 = Debug|Any CPU
		{3D81A8A1-E67E-4E96-8562-0B8D5879A95D}.Release|Any CPU.ActiveCfg = Release|Any CPU
		{3D81A8A1-E67E-4E96-8562-0B8D5879A95D}.Release|Any CPU.Build.0 = Release|Any CPU
		{13D98A3E-FA46-4548-9280-55B5FA27BF86}.Debug|Any CPU.ActiveCfg = Debug|Any CPU
		{13D98A3E-FA46-4548-9280-55B5FA27BF86}.Debug|Any CPU.Build.0 = Debug|Any CPU
		{13D98A3E-FA46-4548-9280-55B5FA27BF86}.Release|Any CPU.ActiveCfg = Release|Any CPU
		{13D98A3E-FA46-4548-9280-55B5FA27BF86}.Release|Any CPU.Build.0 = Release|Any CPU
		{E8B5BA13-914C-4103-B4D7-BF8299E92D0E}.Debug|Any CPU.ActiveCfg = Debug|Any CPU
		{E8B5BA13-914C-4103-B4D7-BF8299E92D0E}.Debug|Any CPU.Build.0 = Debug|Any CPU
		{E8B5BA13-914C-4103-B4D7-BF8299E92D0E}.Release|Any CPU.ActiveCfg = Release|Any CPU
		{E8B5BA13-914C-4103-B4D7-BF8299E92D0E}.Release|Any CPU.Build.0 = Release|Any CPU
	EndGlobalSection
	GlobalSection(SolutionProperties) = preSolution
		HideSolutionNode = FALSE
	EndGlobalSection
	GlobalSection(ExtensibilityGlobals) = postSolution
		SolutionGuid = {8353F745-4941-4A24-B8F7-EEE968ED4190}
	EndGlobalSection
EndGlobal
